// !$*UTF8*$!
{
	archiveVersion = 1;
	classes = {
	};
	objectVersion = 46;
	objects = {

/* Begin PBXBuildFile section */
		DB1C7DA41C2557B600B28971 /* AppDelegate.swift in Sources */ = {isa = PBXBuildFile; fileRef = DB1C7DA31C2557B600B28971 /* AppDelegate.swift */; };
		DB1C7DA61C2557B600B28971 /* ViewController.swift in Sources */ = {isa = PBXBuildFile; fileRef = DB1C7DA51C2557B600B28971 /* ViewController.swift */; };
		DB1C7DA91C2557B600B28971 /* Main.storyboard in Resources */ = {isa = PBXBuildFile; fileRef = DB1C7DA71C2557B600B28971 /* Main.storyboard */; };
		DB1C7DAB1C2557B600B28971 /* Assets.xcassets in Resources */ = {isa = PBXBuildFile; fileRef = DB1C7DAA1C2557B600B28971 /* Assets.xcassets */; };
		DB1C7DAE1C2557B600B28971 /* LaunchScreen.storyboard in Resources */ = {isa = PBXBuildFile; fileRef = DB1C7DAC1C2557B600B28971 /* LaunchScreen.storyboard */; };
/* End PBXBuildFile section */

/* Begin PBXFileReference section */
		DB1C7DA01C2557B600B28971 /* Colors.app */ = {isa = PBXFileReference; explicitFileType = wrapper.application; includeInIndex = 0; path = Colors.app; sourceTree = BUILT_PRODUCTS_DIR; };
		DB1C7DA31C2557B600B28971 /* AppDelegate.swift */ = {isa = PBXFileReference; lastKnownFileType = sourcecode.swift; path = AppDelegate.swift; sourceTree = "<group>"; };
		DB1C7DA51C2557B600B28971 /* ViewController.swift */ = {isa = PBXFileReference; lastKnownFileType = sourcecode.swift; path = ViewController.swift; sourceTree = "<group>"; };
		DB1C7DA81C2557B600B28971 /* Base */ = {isa = PBXFileReference; lastKnownFileType = file.storyboard; name = Base; path = Base.lproj/Main.storyboard; sourceTree = "<group>"; };
		DB1C7DAA1C2557B600B28971 /* Assets.xcassets */ = {isa = PBXFileReference; lastKnownFileType = folder.assetcatalog; path = Assets.xcassets; sourceTree = "<group>"; };
		DB1C7DAD1C2557B600B28971 /* Base */ = {isa = PBXFileReference; lastKnownFileType = file.storyboard; name = Base; path = Base.lproj/LaunchScreen.storyboard; sourceTree = "<group>"; };
		DB1C7DAF1C2557B600B28971 /* Info.plist */ = {isa = PBXFileReference; lastKnownFileType = text.plist.xml; path = Info.plist; sourceTree = "<group>"; };
/* End PBXFileReference section */

/* Begin PBXFrameworksBuildPhase section */
		DB1C7D9D1C2557B600B28971 /* Frameworks */ = {
			isa = PBXFrameworksBuildPhase;
			buildActionMask = 2147483647;
			files = (
			);
			runOnlyForDeploymentPostprocessing = 0;
		};
/* End PBXFrameworksBuildPhase section */

/* Begin PBXGroup section */
		DB1C7D971C2557B600B28971 = {
			isa = PBXGroup;
			children = (
				DB1C7DA21C2557B600B28971 /* Colors */,
				DB1C7DA11C2557B600B28971 /* Products */,
			);
			sourceTree = "<group>";
		};
		DB1C7DA11C2557B600B28971 /* Products */ = {
			isa = PBXGroup;
			children = (
				DB1C7DA01C2557B600B28971 /* Colors.app */,
			);
			name = Products;
			sourceTree = "<group>";
		};
		DB1C7DA21C2557B600B28971 /* Colors */ = {
			isa = PBXGroup;
			children = (
				DB1C7DA31C2557B600B28971 /* AppDelegate.swift */,
				DB1C7DA51C2557B600B28971 /* ViewController.swift */,
				DB1C7DA71C2557B600B28971 /* Main.storyboard */,
				DB1C7DAA1C2557B600B28971 /* Assets.xcassets */,
				DB1C7DAC1C2557B600B28971 /* LaunchScreen.storyboard */,
				DB1C7DAF1C2557B600B28971 /* Info.plist */,
			);
			path = Colors;
			sourceTree = "<group>";
		};
/* End PBXGroup section */

/* Begin PBXNativeTarget section */
		DB1C7D9F1C2557B600B28971 /* Colors */ = {
			isa = PBXNativeTarget;
			buildConfigurationList = DB1C7DB21C2557B600B28971 /* Build configuration list for PBXNativeTarget "Colors" */;
			buildPhases = (
				DB1C7D9C1C2557B600B28971 /* Sources */,
				DB1C7D9D1C2557B600B28971 /* Frameworks */,
				DB1C7D9E1C2557B600B28971 /* Resources */,
			);
			buildRules = (
			);
			dependencies = (
			);
			name = Colors;
			productName = Colors;
			productReference = DB1C7DA01C2557B600B28971 /* Colors.app */;
			productType = "com.apple.product-type.application";
		};
/* End PBXNativeTarget section */

/* Begin PBXProject section */
		DB1C7D981C2557B600B28971 /* Project object */ = {
			isa = PBXProject;
			attributes = {
				LastSwiftUpdateCheck = 0720;
				LastUpgradeCheck = 0720;
				ORGANIZATIONNAME = YutaroTanaka;
				TargetAttributes = {
					DB1C7D9F1C2557B600B28971 = {
						CreatedOnToolsVersion = 7.2;
						DevelopmentTeam = HK2EV79WWM;
					};
				};
			};
			buildConfigurationList = DB1C7D9B1C2557B600B28971 /* Build configuration list for PBXProject "Colors" */;
			compatibilityVersion = "Xcode 3.2";
			developmentRegion = English;
			hasScannedForEncodings = 0;
			knownRegions = (
				en,
				Base,
			);
			mainGroup = DB1C7D971C2557B600B28971;
			productRefGroup = DB1C7DA11C2557B600B28971 /* Products */;
			projectDirPath = "";
			projectRoot = "";
			targets = (
				DB1C7D9F1C2557B600B28971 /* Colors */,
			);
		};
/* End PBXProject section */

/* Begin PBXResourcesBuildPhase section */
		DB1C7D9E1C2557B600B28971 /* Resources */ = {
			isa = PBXResourcesBuildPhase;
			buildActionMask = 2147483647;
			files = (
				DB1C7DAE1C2557B600B28971 /* LaunchScreen.storyboard in Resources */,
				DB1C7DAB1C2557B600B28971 /* Assets.xcassets in Resources */,
				DB1C7DA91C2557B600B28971 /* Main.storyboard in Resources */,
			);
			runOnlyForDeploymentPostprocessing = 0;
		};
/* End PBXResourcesBuildPhase section */

/* Begin PBXSourcesBuildPhase section */
		DB1C7D9C1C2557B600B28971 /* Sources */ = {
			isa = PBXSourcesBuildPhase;
			buildActionMask = 2147483647;
			files = (
				DB1C7DA61C2557B600B28971 /* ViewController.swift in Sources */,
				DB1C7DA41C2557B600B28971 /* AppDelegate.swift in Sources */,
			);
			runOnlyForDeploymentPostprocessing = 0;
		};
/* End PBXSourcesBuildPhase section */

/* Begin PBXVariantGroup section */
		DB1C7DA71C2557B600B28971 /* Main.storyboard */ = {
			isa = PBXVariantGroup;
			children = (
				DB1C7DA81C2557B600B28971 /* Base */,
			);
			name = Main.storyboard;
			sourceTree = "<group>";
		};
		DB1C7DAC1C2557B600B28971 /* LaunchScreen.storyboard */ = {
			isa = PBXVariantGroup;
			children = (
				DB1C7DAD1C2557B600B28971 /* Base */,
			);
			name = LaunchScreen.storyboard;
			sourceTree = "<group>";
		};
/* End PBXVariantGroup section */

/* Begin XCBuildConfiguration section */
		DB1C7DB01C2557B600B28971 /* Debug */ = {
			isa = XCBuildConfiguration;
			buildSettings = {
				ALWAYS_SEARCH_USER_PATHS = NO;
				CLANG_CXX_LANGUAGE_STANDARD = "gnu++0x";
				CLANG_CXX_LIBRARY = "libc++";
				CLANG_ENABLE_MODULES = YES;
				CLANG_ENABLE_OBJC_ARC = YES;
				CLANG_WARN_BOOL_CONVERSION = YES;
				CLANG_WARN_CONSTANT_CONVERSION = YES;
				CLANG_WARN_DIRECT_OBJC_ISA_USAGE = YES_ERROR;
				CLANG_WARN_EMPTY_BODY = YES;
				CLANG_WARN_ENUM_CONVERSION = YES;
				CLANG_WARN_INT_CONVERSION = YES;
				CLANG_WARN_OBJC_ROOT_CLASS = YES_ERROR;
				CLANG_WARN_UNREACHABLE_CODE = YES;
				CLANG_WARN__DUPLICATE_METHOD_MATCH = YES;
				"CODE_SIGN_IDENTITY[sdk=iphoneos*]" = "iPhone Developer";
				COPY_PHASE_STRIP = NO;
				DEBUG_INFORMATION_FORMAT = dwarf;
				ENABLE_STRICT_OBJC_MSGSEND = YES;
				ENABLE_TESTABILITY = YES;
				GCC_C_LANGUAGE_STANDARD = gnu99;
				GCC_DYNAMIC_NO_PIC = NO;
				GCC_NO_COMMON_BLOCKS = YES;
				GCC_OPTIMIZATION_LEVEL = 0;
				GCC_PREPROCESSOR_DEFINITIONS = (
					"DEBUG=1",
					"$(inherited)",
				);
				GCC_WARN_64_TO_32_BIT_CONVERSION = YES;
				GCC_WARN_ABOUT_RETURN_TYPE = YES_ERROR;
				GCC_WARN_UNDECLARED_SELECTOR = YES;
				GCC_WARN_UNINITIALIZED_AUTOS = YES_AGGRESSIVE;
				GCC_WARN_UNUSED_FUNCTION = YES;
				GCC_WARN_UNUSED_VARIABLE = YES;
				IPHONEOS_DEPLOYMENT_TARGET = 9.2;
				MTL_ENABLE_DEBUG_INFO = YES;
				ONLY_ACTIVE_ARCH = YES;
				SDKROOT = iphoneos;
				SWIFT_OPTIMIZATION_LEVEL = "-Onone";
			};
			name = Debug;
		};
		DB1C7DB11C2557B600B28971 /* Release */ = {
			isa = XCBuildConfiguration;
			buildSettings = {
				ALWAYS_SEARCH_USER_PATHS = NO;
				CLANG_CXX_LANGUAGE_STANDARD = "gnu++0x";
				CLANG_CXX_LIBRARY = "libc++";
				CLANG_ENABLE_MODULES = YES;
				CLANG_ENABLE_OBJC_ARC = YES;
				CLANG_WARN_BOOL_CONVERSION = YES;
				CLANG_WARN_CONSTANT_CONVERSION = YES;
				CLANG_WARN_DIRECT_OBJC_ISA_USAGE = YES_ERROR;
				CLANG_WARN_EMPTY_BODY = YES;
				CLANG_WARN_ENUM_CONVERSION = YES;
				CLANG_WARN_INT_CONVERSION = YES;
				CLANG_WARN_OBJC_ROOT_CLASS = YES_ERROR;
				CLANG_WARN_UNREACHABLE_CODE = YES;
				CLANG_WARN__DUPLICATE_METHOD_MATCH = YES;
				"CODE_SIGN_IDENTITY[sdk=iphoneos*]" = "iPhone Developer";
				COPY_PHASE_STRIP = NO;
				DEBUG_INFORMATION_FORMAT = "dwarf-with-dsym";
				ENABLE_NS_ASSERTIONS = NO;
				ENABLE_STRICT_OBJC_MSGSEND = YES;
				GCC_C_LANGUAGE_STANDARD = gnu99;
				GCC_NO_COMMON_BLOCKS = YES;
				GCC_WARN_64_TO_32_BIT_CONVERSION = YES;
				GCC_WARN_ABOUT_RETURN_TYPE = YES_ERROR;
				GCC_WARN_UNDECLARED_SELECTOR = YES;
				GCC_WARN_UNINITIALIZED_AUTOS = YES_AGGRESSIVE;
				GCC_WARN_UNUSED_FUNCTION = YES;
				GCC_WARN_UNUSED_VARIABLE = YES;
				IPHONEOS_DEPLOYMENT_TARGET = 9.2;
				MTL_ENABLE_DEBUG_INFO = NO;
				SDKROOT = iphoneos;
				VALIDATE_PRODUCT = YES;
			};
			name = Release;
		};
		DB1C7DB31C2557B600B28971 /* Debug */ = {
			isa = XCBuildConfiguration;
			buildSettings = {
				ASSETCATALOG_COMPILER_APPICON_NAME = AppIcon;
				INFOPLIST_FILE = Colors/Info.plist;
				LD_RUNPATH_SEARCH_PATHS = "$(inherited) @executable_path/Frameworks";
				PRODUCT_BUNDLE_IDENTIFIER = com.yutarotanaka.Colors;
				PRODUCT_NAME = "$(TARGET_NAME)";
			};
			name = Debug;
		};
		DB1C7DB41C2557B600B28971 /* Release */ = {
			isa = XCBuildConfiguration;
			buildSettings = {
				ASSETCATALOG_COMPILER_APPICON_NAME = AppIcon;
				INFOPLIST_FILE = Colors/Info.plist;
				LD_RUNPATH_SEARCH_PATHS = "$(inherited) @executable_path/Frameworks";
				PRODUCT_BUNDLE_IDENTIFIER = com.yutarotanaka.Colors;
				PRODUCT_NAME = "$(TARGET_NAME)";
			};
			name = Release;
		};
/* End XCBuildConfiguration section */

/* Begin XCConfigurationList section */
		DB1C7D9B1C2557B600B28971 /* Build configuration list for PBXProject "Colors" */ = {
			isa = XCConfigurationList;
			buildConfigurations = (
				DB1C7DB01C2557B600B28971 /* Debug */,
				DB1C7DB11C2557B600B28971 /* Release */,
			);
			defaultConfigurationIsVisible = 0;
			defaultConfigurationName = Release;
		};
		DB1C7DB21C2557B600B28971 /* Build configuration list for PBXNativeTarget "Colors" */ = {
			isa = XCConfigurationList;
			buildConfigurations = (
				DB1C7DB31C2557B600B28971 /* Debug */,
				DB1C7DB41C2557B600B28971 /* Release */,
			);
			defaultConfigurationIsVisible = 0;
		};
/* End XCConfigurationList section */
	};
	rootObject = DB1C7D981C2557B600B28971 /* Project object */;
}
